
Microsoft Visual Studio Solution File, Format Version 12.00
# Visual Studio Version 17
VisualStudioVersion = 17.8.34525.116
MinimumVisualStudioVersion = 10.0.40219.1
Project("{FAE04EC0-301F-11D3-BF4B-00C04F79EFBC}") = "AtsProjectWithAngular", "AtsProjectWithAngular\AtsProjectWithAngular.csproj", "{39BB5F6E-D442-4E99-8968-C3CD2E5B8C9B}"
EndProject
Global
	GlobalSection(SolutionConfigurationPlatforms) = preSolution
		Debug|Any CPU = Debug|Any CPU
		Release|Any CPU = Release|Any CPU
	EndGlobalSection
	GlobalSection(ProjectConfigurationPlatforms) = postSolution
		{39BB5F6E-D442-4E99-8968-C3CD2E5B8C9B}.Debug|Any CPU.ActiveCfg = Debug|Any CPU
		{39BB5F6E-D442-4E99-8968-C3CD2E5B8C9B}.Debug|Any CPU.Build.0 = Debug|Any CPU
		{39BB5F6E-D442-4E99-8968-C3CD2E5B8C9B}.Release|Any CPU.ActiveCfg = Release|Any CPU
		{39BB5F6E-D442-4E99-8968-C3CD2E5B8C9B}.Release|Any CPU.Build.0 = Release|Any CPU
	EndGlobalSection
	GlobalSection(SolutionProperties) = preSolution
		HideSolutionNode = FALSE
	EndGlobalSection
	GlobalSection(ExtensibilityGlobals) = postSolution
		SolutionGuid = {254DC3A9-4D12-4D62-9029-B9042AB9B727}
	EndGlobalSection
EndGlobal
